
Microsoft Visual Studio Solution File, Format Version 12.00
# Visual Studio Version 17
VisualStudioVersion = 17.3.32929.385
MinimumVisualStudioVersion = 10.0.40219.1
Project("{FAE04EC0-301F-11D3-BF4B-00C04F79EFBC}") = "ACME_Web", "ACME_Web\ACME_Web.csproj", "{15A6C9D9-2E3C-4E66-BF7D-92AF68CA2067}"
EndProject
Global
	GlobalSection(SolutionConfigurationPlatforms) = preSolution
		Debug|Any CPU = Debug|Any CPU
		Release|Any CPU = Release|Any CPU
	EndGlobalSection
	GlobalSection(ProjectConfigurationPlatforms) = postSolution
		{15A6C9D9-2E3C-4E66-BF7D-92AF68CA2067}.Debug|Any CPU.ActiveCfg = Debug|Any CPU
		{15A6C9D9-2E3C-4E66-BF7D-92AF68CA2067}.Debug|Any CPU.Build.0 = Debug|Any CPU
		{15A6C9D9-2E3C-4E66-BF7D-92AF68CA2067}.Release|Any CPU.ActiveCfg = Release|Any CPU
		{15A6C9D9-2E3C-4E66-BF7D-92AF68CA2067}.Release|Any CPU.Build.0 = Release|Any CPU
	EndGlobalSection
	GlobalSection(SolutionProperties) = preSolution
		HideSolutionNode = FALSE
	EndGlobalSection
	GlobalSection(ExtensibilityGlobals) = postSolution
		SolutionGuid = {68AFF112-9088-47A6-B3FB-C4B55D12EAD2}
	EndGlobalSection
EndGlobal
